
Microsoft Visual Studio Solution File, Format Version 12.00
# Visual Studio Version 16
VisualStudioVersion = 16.0.32126.315
MinimumVisualStudioVersion = 10.0.40219.1
Project("{6EC3EE1D-3C4E-46DD-8F32-0CC8E7565705}") = "F_I_L_P", "F_I_L_P\F_I_L_P.fsproj", "{4307D693-E1D2-4A49-978A-F26EE9455B40}"
EndProject
Project("{6EC3EE1D-3C4E-46DD-8F32-0CC8E7565705}") = "Задача1_1", "Задача1_1\Задача1_1.fsproj", "{DD8C294F-D246-46AC-BEF1-5EF08031CA91}"
EndProject
Project("{6EC3EE1D-3C4E-46DD-8F32-0CC8E7565705}") = "Задача_5_2", "Задача_5_2\Задача_5_2.fsproj", "{2692A984-27D4-47E6-9103-EF8B6E8DD7C5}"
EndProject
Project("{6EC3EE1D-3C4E-46DD-8F32-0CC8E7565705}") = "Задача_5_4", "Задача_5_4\Задача_5_4.fsproj", "{D796C61C-791F-4FFE-8859-9DAA84211E71}"
EndProject
Project("{6EC3EE1D-3C4E-46DD-8F32-0CC8E7565705}") = "Задача5_5", "Задача5_5\Задача5_5.fsproj", "{212301C7-AB7A-4D0A-83DF-112CC20C6690}"
EndProject
Project("{6EC3EE1D-3C4E-46DD-8F32-0CC8E7565705}") = "Задача5_6", "Задача5_6\Задача5_6.fsproj", "{3C3C3278-E898-4F43-A854-4A4E689B843C}"
EndProject
Project("{F2A71F9B-5D33-465A-A702-920D77279786}") = "Задача5_7", "Задача5_7\Задача5_7.fsproj", "{7EA3EEE3-1375-4543-B70E-9DCCF33803CA}"
EndProject
Project("{F2A71F9B-5D33-465A-A702-920D77279786}") = "Задача5_8", "Задача5_8\Задача5_8.fsproj", "{47C3D2F9-FCEC-43D1-89E8-EE158EB51FF8}"
EndProject
Global
	GlobalSection(SolutionConfigurationPlatforms) = preSolution
		Debug|Any CPU = Debug|Any CPU
		Release|Any CPU = Release|Any CPU
	EndGlobalSection
	GlobalSection(ProjectConfigurationPlatforms) = postSolution
		{4307D693-E1D2-4A49-978A-F26EE9455B40}.Debug|Any CPU.ActiveCfg = Debug|Any CPU
		{4307D693-E1D2-4A49-978A-F26EE9455B40}.Debug|Any CPU.Build.0 = Debug|Any CPU
		{4307D693-E1D2-4A49-978A-F26EE9455B40}.Release|Any CPU.ActiveCfg = Release|Any CPU
		{4307D693-E1D2-4A49-978A-F26EE9455B40}.Release|Any CPU.Build.0 = Release|Any CPU
		{DD8C294F-D246-46AC-BEF1-5EF08031CA91}.Debug|Any CPU.ActiveCfg = Debug|Any CPU
		{DD8C294F-D246-46AC-BEF1-5EF08031CA91}.Debug|Any CPU.Build.0 = Debug|Any CPU
		{DD8C294F-D246-46AC-BEF1-5EF08031CA91}.Release|Any CPU.ActiveCfg = Release|Any CPU
		{DD8C294F-D246-46AC-BEF1-5EF08031CA91}.Release|Any CPU.Build.0 = Release|Any CPU
		{2692A984-27D4-47E6-9103-EF8B6E8DD7C5}.Debug|Any CPU.ActiveCfg = Debug|Any CPU
		{2692A984-27D4-47E6-9103-EF8B6E8DD7C5}.Debug|Any CPU.Build.0 = Debug|Any CPU
		{2692A984-27D4-47E6-9103-EF8B6E8DD7C5}.Release|Any CPU.ActiveCfg = Release|Any CPU
		{2692A984-27D4-47E6-9103-EF8B6E8DD7C5}.Release|Any CPU.Build.0 = Release|Any CPU
		{D796C61C-791F-4FFE-8859-9DAA84211E71}.Debug|Any CPU.ActiveCfg = Debug|Any CPU
		{D796C61C-791F-4FFE-8859-9DAA84211E71}.Debug|Any CPU.Build.0 = Debug|Any CPU
		{D796C61C-791F-4FFE-8859-9DAA84211E71}.Release|Any CPU.ActiveCfg = Release|Any CPU
		{D796C61C-791F-4FFE-8859-9DAA84211E71}.Release|Any CPU.Build.0 = Release|Any CPU
		{212301C7-AB7A-4D0A-83DF-112CC20C6690}.Debug|Any CPU.ActiveCfg = Debug|Any CPU
		{212301C7-AB7A-4D0A-83DF-112CC20C6690}.Debug|Any CPU.Build.0 = Debug|Any CPU
		{212301C7-AB7A-4D0A-83DF-112CC20C6690}.Release|Any CPU.ActiveCfg = Release|Any CPU
		{212301C7-AB7A-4D0A-83DF-112CC20C6690}.Release|Any CPU.Build.0 = Release|Any CPU
		{3C3C3278-E898-4F43-A854-4A4E689B843C}.Debug|Any CPU.ActiveCfg = Debug|Any CPU
		{3C3C3278-E898-4F43-A854-4A4E689B843C}.Debug|Any CPU.Build.0 = Debug|Any CPU
		{3C3C3278-E898-4F43-A854-4A4E689B843C}.Release|Any CPU.ActiveCfg = Release|Any CPU
		{3C3C3278-E898-4F43-A854-4A4E689B843C}.Release|Any CPU.Build.0 = Release|Any CPU
		{7EA3EEE3-1375-4543-B70E-9DCCF33803CA}.Debug|Any CPU.ActiveCfg = Debug|Any CPU
		{7EA3EEE3-1375-4543-B70E-9DCCF33803CA}.Debug|Any CPU.Build.0 = Debug|Any CPU
		{7EA3EEE3-1375-4543-B70E-9DCCF33803CA}.Release|Any CPU.ActiveCfg = Release|Any CPU
		{7EA3EEE3-1375-4543-B70E-9DCCF33803CA}.Release|Any CPU.Build.0 = Release|Any CPU
		{47C3D2F9-FCEC-43D1-89E8-EE158EB51FF8}.Debug|Any CPU.ActiveCfg = Debug|Any CPU
		{47C3D2F9-FCEC-43D1-89E8-EE158EB51FF8}.Debug|Any CPU.Build.0 = Debug|Any CPU
		{47C3D2F9-FCEC-43D1-89E8-EE158EB51FF8}.Release|Any CPU.ActiveCfg = Release|Any CPU
		{47C3D2F9-FCEC-43D1-89E8-EE158EB51FF8}.Release|Any CPU.Build.0 = Release|Any CPU
	EndGlobalSection
	GlobalSection(SolutionProperties) = preSolution
		HideSolutionNode = FALSE
	EndGlobalSection
	GlobalSection(ExtensibilityGlobals) = postSolution
		SolutionGuid = {FF661AFB-5266-4AAC-AA5B-C749A452B4A8}
	EndGlobalSection
EndGlobal
