
Microsoft Visual Studio Solution File, Format Version 12.00
# Visual Studio Version 16
VisualStudioVersion = 16.0.32126.315
MinimumVisualStudioVersion = 10.0.40219.1
Project("{6EC3EE1D-3C4E-46DD-8F32-0CC8E7565705}") = "F_I_L_P", "F_I_L_P\F_I_L_P.fsproj", "{4307D693-E1D2-4A49-978A-F26EE9455B40}"
EndProject
Project("{6EC3EE1D-3C4E-46DD-8F32-0CC8E7565705}") = "Задача1_1", "Задача1_1\Задача1_1.fsproj", "{DD8C294F-D246-46AC-BEF1-5EF08031CA91}"
EndProject
Project("{6EC3EE1D-3C4E-46DD-8F32-0CC8E7565705}") = "Задача_5_2", "Задача_5_2\Задача_5_2.fsproj", "{2692A984-27D4-47E6-9103-EF8B6E8DD7C5}"
EndProject
Project("{6EC3EE1D-3C4E-46DD-8F32-0CC8E7565705}") = "Задача_5_4", "Задача_5_4\Задача_5_4.fsproj", "{D796C61C-791F-4FFE-8859-9DAA84211E71}"
EndProject
Project("{6EC3EE1D-3C4E-46DD-8F32-0CC8E7565705}") = "Задача5_5", "Задача5_5\Задача5_5.fsproj", "{212301C7-AB7A-4D0A-83DF-112CC20C6690}"
EndProject
Project("{6EC3EE1D-3C4E-46DD-8F32-0CC8E7565705}") = "Задача5_6", "Задача5_6\Задача5_6.fsproj", "{3C3C3278-E898-4F43-A854-4A4E689B843C}"
EndProject
Project("{6EC3EE1D-3C4E-46DD-8F32-0CC8E7565705}") = "Задача5_7", "Задача5_7\Задача5_7.fsproj", "{7EA3EEE3-1375-4543-B70E-9DCCF33803CA}"
EndProject
Project("{6EC3EE1D-3C4E-46DD-8F32-0CC8E7565705}") = "Задача5_8", "Задача5_8\Задача5_8.fsproj", "{47C3D2F9-FCEC-43D1-89E8-EE158EB51FF8}"
EndProject
Project("{6EC3EE1D-3C4E-46DD-8F32-0CC8E7565705}") = "Задача5_9", "Задача5_9\Задача5_9.fsproj", "{3F9594DE-BF69-4294-9558-B51638DEF4E3}"
EndProject
Project("{6EC3EE1D-3C4E-46DD-8F32-0CC8E7565705}") = "Задача5_10", "Задача5_10\Задача5_10.fsproj", "{13AE44E7-0133-4563-8E5F-FA9FD8F29E73}"
EndProject
Project("{6EC3EE1D-3C4E-46DD-8F32-0CC8E7565705}") = "Задача5_11", "Задача5_11\Задача5_11.fsproj", "{218A39D2-EC0B-4644-BED2-70B5DACD1681}"
EndProject
Project("{6EC3EE1D-3C4E-46DD-8F32-0CC8E7565705}") = "Задача5_12", "Задача5_12\Задача5_12.fsproj", "{5C818E80-9646-4D1B-B55F-B4842ED7D168}"
EndProject
Project("{6EC3EE1D-3C4E-46DD-8F32-0CC8E7565705}") = "Задача5_13", "Задача5_13\Задача5_13.fsproj", "{5D32A8D5-E044-412E-90C5-FE0980344D19}"
EndProject
Project("{6EC3EE1D-3C4E-46DD-8F32-0CC8E7565705}") = "Задача5_14", "Задача5_14\Задача5_14.fsproj", "{48977A54-71B3-4165-AC73-EC25C1FEFBF0}"
EndProject
Project("{6EC3EE1D-3C4E-46DD-8F32-0CC8E7565705}") = "Задача5_15", "Задача5_15\Задача5_15.fsproj", "{05AC76F8-810C-450B-BD05-D2B2F71C68CD}"
EndProject
Project("{6EC3EE1D-3C4E-46DD-8F32-0CC8E7565705}") = "Задача5_16", "Задача5_16\Задача5_16.fsproj", "{C663315A-5E03-4212-BB03-A048C5B51D3C}"
EndProject
Project("{6EC3EE1D-3C4E-46DD-8F32-0CC8E7565705}") = "Задача5_17", "Задача5_17\Задача5_17.fsproj", "{C780D743-0EA7-4F9F-B529-23C8D10B7949}"
EndProject
Project("{6EC3EE1D-3C4E-46DD-8F32-0CC8E7565705}") = "Задача5_18", "Задача5_18\Задача5_18.fsproj", "{3EB12794-88CE-4D73-BFE7-C73E5FE6D8D4}"
EndProject
Project("{6EC3EE1D-3C4E-46DD-8F32-0CC8E7565705}") = "Задача5_19", "Задача5_19\Задача5_19.fsproj", "{CA83DA95-9F1B-47EA-8BD6-44AEDC5EB586}"
EndProject
Project("{6EC3EE1D-3C4E-46DD-8F32-0CC8E7565705}") = "Задача5_20", "Задача5_20\Задача5_20.fsproj", "{E81A42B2-BD45-4BC7-915A-ED43E253278C}"
EndProject
Project("{2150E333-8FDC-42A3-9474-1A3956D46DE8}") = "ЛР_5", "ЛР_5", "{0AB60A05-0ED8-4D9A-834D-26385E26470F}"
EndProject
Project("{2150E333-8FDC-42A3-9474-1A3956D46DE8}") = "ЛР_6", "ЛР_6", "{F14280D7-A0EC-4029-B2EC-FCFB594F73EB}"
EndProject
Project("{F2A71F9B-5D33-465A-A702-920D77279786}") = "6_11", "6_11\6_11.fsproj", "{851E7F0F-8885-45BA-8726-AB9D9166E79A}"
EndProject
Global
	GlobalSection(SolutionConfigurationPlatforms) = preSolution
		Debug|Any CPU = Debug|Any CPU
		Release|Any CPU = Release|Any CPU
	EndGlobalSection
	GlobalSection(ProjectConfigurationPlatforms) = postSolution
		{4307D693-E1D2-4A49-978A-F26EE9455B40}.Debug|Any CPU.ActiveCfg = Debug|Any CPU
		{4307D693-E1D2-4A49-978A-F26EE9455B40}.Debug|Any CPU.Build.0 = Debug|Any CPU
		{4307D693-E1D2-4A49-978A-F26EE9455B40}.Release|Any CPU.ActiveCfg = Release|Any CPU
		{4307D693-E1D2-4A49-978A-F26EE9455B40}.Release|Any CPU.Build.0 = Release|Any CPU
		{DD8C294F-D246-46AC-BEF1-5EF08031CA91}.Debug|Any CPU.ActiveCfg = Debug|Any CPU
		{DD8C294F-D246-46AC-BEF1-5EF08031CA91}.Debug|Any CPU.Build.0 = Debug|Any CPU
		{DD8C294F-D246-46AC-BEF1-5EF08031CA91}.Release|Any CPU.ActiveCfg = Release|Any CPU
		{DD8C294F-D246-46AC-BEF1-5EF08031CA91}.Release|Any CPU.Build.0 = Release|Any CPU
		{2692A984-27D4-47E6-9103-EF8B6E8DD7C5}.Debug|Any CPU.ActiveCfg = Debug|Any CPU
		{2692A984-27D4-47E6-9103-EF8B6E8DD7C5}.Debug|Any CPU.Build.0 = Debug|Any CPU
		{2692A984-27D4-47E6-9103-EF8B6E8DD7C5}.Release|Any CPU.ActiveCfg = Release|Any CPU
		{2692A984-27D4-47E6-9103-EF8B6E8DD7C5}.Release|Any CPU.Build.0 = Release|Any CPU
		{D796C61C-791F-4FFE-8859-9DAA84211E71}.Debug|Any CPU.ActiveCfg = Debug|Any CPU
		{D796C61C-791F-4FFE-8859-9DAA84211E71}.Debug|Any CPU.Build.0 = Debug|Any CPU
		{D796C61C-791F-4FFE-8859-9DAA84211E71}.Release|Any CPU.ActiveCfg = Release|Any CPU
		{D796C61C-791F-4FFE-8859-9DAA84211E71}.Release|Any CPU.Build.0 = Release|Any CPU
		{212301C7-AB7A-4D0A-83DF-112CC20C6690}.Debug|Any CPU.ActiveCfg = Debug|Any CPU
		{212301C7-AB7A-4D0A-83DF-112CC20C6690}.Debug|Any CPU.Build.0 = Debug|Any CPU
		{212301C7-AB7A-4D0A-83DF-112CC20C6690}.Release|Any CPU.ActiveCfg = Release|Any CPU
		{212301C7-AB7A-4D0A-83DF-112CC20C6690}.Release|Any CPU.Build.0 = Release|Any CPU
		{3C3C3278-E898-4F43-A854-4A4E689B843C}.Debug|Any CPU.ActiveCfg = Debug|Any CPU
		{3C3C3278-E898-4F43-A854-4A4E689B843C}.Debug|Any CPU.Build.0 = Debug|Any CPU
		{3C3C3278-E898-4F43-A854-4A4E689B843C}.Release|Any CPU.ActiveCfg = Release|Any CPU
		{3C3C3278-E898-4F43-A854-4A4E689B843C}.Release|Any CPU.Build.0 = Release|Any CPU
		{7EA3EEE3-1375-4543-B70E-9DCCF33803CA}.Debug|Any CPU.ActiveCfg = Debug|Any CPU
		{7EA3EEE3-1375-4543-B70E-9DCCF33803CA}.Debug|Any CPU.Build.0 = Debug|Any CPU
		{7EA3EEE3-1375-4543-B70E-9DCCF33803CA}.Release|Any CPU.ActiveCfg = Release|Any CPU
		{7EA3EEE3-1375-4543-B70E-9DCCF33803CA}.Release|Any CPU.Build.0 = Release|Any CPU
		{47C3D2F9-FCEC-43D1-89E8-EE158EB51FF8}.Debug|Any CPU.ActiveCfg = Debug|Any CPU
		{47C3D2F9-FCEC-43D1-89E8-EE158EB51FF8}.Debug|Any CPU.Build.0 = Debug|Any CPU
		{47C3D2F9-FCEC-43D1-89E8-EE158EB51FF8}.Release|Any CPU.ActiveCfg = Release|Any CPU
		{47C3D2F9-FCEC-43D1-89E8-EE158EB51FF8}.Release|Any CPU.Build.0 = Release|Any CPU
		{3F9594DE-BF69-4294-9558-B51638DEF4E3}.Debug|Any CPU.ActiveCfg = Debug|Any CPU
		{3F9594DE-BF69-4294-9558-B51638DEF4E3}.Debug|Any CPU.Build.0 = Debug|Any CPU
		{3F9594DE-BF69-4294-9558-B51638DEF4E3}.Release|Any CPU.ActiveCfg = Release|Any CPU
		{3F9594DE-BF69-4294-9558-B51638DEF4E3}.Release|Any CPU.Build.0 = Release|Any CPU
		{13AE44E7-0133-4563-8E5F-FA9FD8F29E73}.Debug|Any CPU.ActiveCfg = Debug|Any CPU
		{13AE44E7-0133-4563-8E5F-FA9FD8F29E73}.Debug|Any CPU.Build.0 = Debug|Any CPU
		{13AE44E7-0133-4563-8E5F-FA9FD8F29E73}.Release|Any CPU.ActiveCfg = Release|Any CPU
		{13AE44E7-0133-4563-8E5F-FA9FD8F29E73}.Release|Any CPU.Build.0 = Release|Any CPU
		{218A39D2-EC0B-4644-BED2-70B5DACD1681}.Debug|Any CPU.ActiveCfg = Debug|Any CPU
		{218A39D2-EC0B-4644-BED2-70B5DACD1681}.Debug|Any CPU.Build.0 = Debug|Any CPU
		{218A39D2-EC0B-4644-BED2-70B5DACD1681}.Release|Any CPU.ActiveCfg = Release|Any CPU
		{218A39D2-EC0B-4644-BED2-70B5DACD1681}.Release|Any CPU.Build.0 = Release|Any CPU
		{5C818E80-9646-4D1B-B55F-B4842ED7D168}.Debug|Any CPU.ActiveCfg = Debug|Any CPU
		{5C818E80-9646-4D1B-B55F-B4842ED7D168}.Debug|Any CPU.Build.0 = Debug|Any CPU
		{5C818E80-9646-4D1B-B55F-B4842ED7D168}.Release|Any CPU.ActiveCfg = Release|Any CPU
		{5C818E80-9646-4D1B-B55F-B4842ED7D168}.Release|Any CPU.Build.0 = Release|Any CPU
		{5D32A8D5-E044-412E-90C5-FE0980344D19}.Debug|Any CPU.ActiveCfg = Debug|Any CPU
		{5D32A8D5-E044-412E-90C5-FE0980344D19}.Debug|Any CPU.Build.0 = Debug|Any CPU
		{5D32A8D5-E044-412E-90C5-FE0980344D19}.Release|Any CPU.ActiveCfg = Release|Any CPU
		{5D32A8D5-E044-412E-90C5-FE0980344D19}.Release|Any CPU.Build.0 = Release|Any CPU
		{48977A54-71B3-4165-AC73-EC25C1FEFBF0}.Debug|Any CPU.ActiveCfg = Debug|Any CPU
		{48977A54-71B3-4165-AC73-EC25C1FEFBF0}.Debug|Any CPU.Build.0 = Debug|Any CPU
		{48977A54-71B3-4165-AC73-EC25C1FEFBF0}.Release|Any CPU.ActiveCfg = Release|Any CPU
		{48977A54-71B3-4165-AC73-EC25C1FEFBF0}.Release|Any CPU.Build.0 = Release|Any CPU
		{05AC76F8-810C-450B-BD05-D2B2F71C68CD}.Debug|Any CPU.ActiveCfg = Debug|Any CPU
		{05AC76F8-810C-450B-BD05-D2B2F71C68CD}.Debug|Any CPU.Build.0 = Debug|Any CPU
		{05AC76F8-810C-450B-BD05-D2B2F71C68CD}.Release|Any CPU.ActiveCfg = Release|Any CPU
		{05AC76F8-810C-450B-BD05-D2B2F71C68CD}.Release|Any CPU.Build.0 = Release|Any CPU
		{C663315A-5E03-4212-BB03-A048C5B51D3C}.Debug|Any CPU.ActiveCfg = Debug|Any CPU
		{C663315A-5E03-4212-BB03-A048C5B51D3C}.Debug|Any CPU.Build.0 = Debug|Any CPU
		{C663315A-5E03-4212-BB03-A048C5B51D3C}.Release|Any CPU.ActiveCfg = Release|Any CPU
		{C663315A-5E03-4212-BB03-A048C5B51D3C}.Release|Any CPU.Build.0 = Release|Any CPU
		{C780D743-0EA7-4F9F-B529-23C8D10B7949}.Debug|Any CPU.ActiveCfg = Debug|Any CPU
		{C780D743-0EA7-4F9F-B529-23C8D10B7949}.Debug|Any CPU.Build.0 = Debug|Any CPU
		{C780D743-0EA7-4F9F-B529-23C8D10B7949}.Release|Any CPU.ActiveCfg = Release|Any CPU
		{C780D743-0EA7-4F9F-B529-23C8D10B7949}.Release|Any CPU.Build.0 = Release|Any CPU
		{3EB12794-88CE-4D73-BFE7-C73E5FE6D8D4}.Debug|Any CPU.ActiveCfg = Debug|Any CPU
		{3EB12794-88CE-4D73-BFE7-C73E5FE6D8D4}.Debug|Any CPU.Build.0 = Debug|Any CPU
		{3EB12794-88CE-4D73-BFE7-C73E5FE6D8D4}.Release|Any CPU.ActiveCfg = Release|Any CPU
		{3EB12794-88CE-4D73-BFE7-C73E5FE6D8D4}.Release|Any CPU.Build.0 = Release|Any CPU
		{CA83DA95-9F1B-47EA-8BD6-44AEDC5EB586}.Debug|Any CPU.ActiveCfg = Debug|Any CPU
		{CA83DA95-9F1B-47EA-8BD6-44AEDC5EB586}.Debug|Any CPU.Build.0 = Debug|Any CPU
		{CA83DA95-9F1B-47EA-8BD6-44AEDC5EB586}.Release|Any CPU.ActiveCfg = Release|Any CPU
		{CA83DA95-9F1B-47EA-8BD6-44AEDC5EB586}.Release|Any CPU.Build.0 = Release|Any CPU
		{E81A42B2-BD45-4BC7-915A-ED43E253278C}.Debug|Any CPU.ActiveCfg = Debug|Any CPU
		{E81A42B2-BD45-4BC7-915A-ED43E253278C}.Debug|Any CPU.Build.0 = Debug|Any CPU
		{E81A42B2-BD45-4BC7-915A-ED43E253278C}.Release|Any CPU.ActiveCfg = Release|Any CPU
		{E81A42B2-BD45-4BC7-915A-ED43E253278C}.Release|Any CPU.Build.0 = Release|Any CPU
		{851E7F0F-8885-45BA-8726-AB9D9166E79A}.Debug|Any CPU.ActiveCfg = Debug|Any CPU
		{851E7F0F-8885-45BA-8726-AB9D9166E79A}.Debug|Any CPU.Build.0 = Debug|Any CPU
		{851E7F0F-8885-45BA-8726-AB9D9166E79A}.Release|Any CPU.ActiveCfg = Release|Any CPU
		{851E7F0F-8885-45BA-8726-AB9D9166E79A}.Release|Any CPU.Build.0 = Release|Any CPU
	EndGlobalSection
	GlobalSection(SolutionProperties) = preSolution
		HideSolutionNode = FALSE
	EndGlobalSection
	GlobalSection(NestedProjects) = preSolution
		{DD8C294F-D246-46AC-BEF1-5EF08031CA91} = {0AB60A05-0ED8-4D9A-834D-26385E26470F}
		{2692A984-27D4-47E6-9103-EF8B6E8DD7C5} = {0AB60A05-0ED8-4D9A-834D-26385E26470F}
		{D796C61C-791F-4FFE-8859-9DAA84211E71} = {0AB60A05-0ED8-4D9A-834D-26385E26470F}
		{212301C7-AB7A-4D0A-83DF-112CC20C6690} = {0AB60A05-0ED8-4D9A-834D-26385E26470F}
		{3C3C3278-E898-4F43-A854-4A4E689B843C} = {0AB60A05-0ED8-4D9A-834D-26385E26470F}
		{7EA3EEE3-1375-4543-B70E-9DCCF33803CA} = {0AB60A05-0ED8-4D9A-834D-26385E26470F}
		{47C3D2F9-FCEC-43D1-89E8-EE158EB51FF8} = {0AB60A05-0ED8-4D9A-834D-26385E26470F}
		{3F9594DE-BF69-4294-9558-B51638DEF4E3} = {0AB60A05-0ED8-4D9A-834D-26385E26470F}
		{13AE44E7-0133-4563-8E5F-FA9FD8F29E73} = {0AB60A05-0ED8-4D9A-834D-26385E26470F}
		{218A39D2-EC0B-4644-BED2-70B5DACD1681} = {0AB60A05-0ED8-4D9A-834D-26385E26470F}
		{5C818E80-9646-4D1B-B55F-B4842ED7D168} = {0AB60A05-0ED8-4D9A-834D-26385E26470F}
		{5D32A8D5-E044-412E-90C5-FE0980344D19} = {0AB60A05-0ED8-4D9A-834D-26385E26470F}
		{48977A54-71B3-4165-AC73-EC25C1FEFBF0} = {0AB60A05-0ED8-4D9A-834D-26385E26470F}
		{05AC76F8-810C-450B-BD05-D2B2F71C68CD} = {0AB60A05-0ED8-4D9A-834D-26385E26470F}
		{C663315A-5E03-4212-BB03-A048C5B51D3C} = {0AB60A05-0ED8-4D9A-834D-26385E26470F}
		{C780D743-0EA7-4F9F-B529-23C8D10B7949} = {0AB60A05-0ED8-4D9A-834D-26385E26470F}
		{3EB12794-88CE-4D73-BFE7-C73E5FE6D8D4} = {0AB60A05-0ED8-4D9A-834D-26385E26470F}
		{CA83DA95-9F1B-47EA-8BD6-44AEDC5EB586} = {0AB60A05-0ED8-4D9A-834D-26385E26470F}
		{E81A42B2-BD45-4BC7-915A-ED43E253278C} = {0AB60A05-0ED8-4D9A-834D-26385E26470F}
		{851E7F0F-8885-45BA-8726-AB9D9166E79A} = {F14280D7-A0EC-4029-B2EC-FCFB594F73EB}
	EndGlobalSection
	GlobalSection(ExtensibilityGlobals) = postSolution
		SolutionGuid = {FF661AFB-5266-4AAC-AA5B-C749A452B4A8}
	EndGlobalSection
EndGlobal
